
Microsoft Visual Studio Solution File, Format Version 12.00
# Visual Studio 2012
Project("{FAE04EC0-301F-11D3-BF4B-00C04F79EFBC}") = "BadCode", "BadCode\BadCode.csproj", "{CA6E83F3-8504-459B-A554-7924929EFDAB}"
EndProject
Project("{FAE04EC0-301F-11D3-BF4B-00C04F79EFBC}") = "ClassLibrary", "ClassLibrary\ClassLibrary.csproj", "{A1F56E87-0C4B-4A0E-AA33-C5CD442DB0D0}"
EndProject
Global
	GlobalSection(SolutionConfigurationPlatforms) = preSolution
		Debug|Any CPU = Debug|Any CPU
		Release|Any CPU = Release|Any CPU
	EndGlobalSection
	GlobalSection(ProjectConfigurationPlatforms) = postSolution
		{CA6E83F3-8504-459B-A554-7924929EFDAB}.Debug|Any CPU.ActiveCfg = Debug|Any CPU
		{CA6E83F3-8504-459B-A554-7924929EFDAB}.Debug|Any CPU.Build.0 = Debug|Any CPU
		{CA6E83F3-8504-459B-A554-7924929EFDAB}.Release|Any CPU.ActiveCfg = Release|Any CPU
		{CA6E83F3-8504-459B-A554-7924929EFDAB}.Release|Any CPU.Build.0 = Release|Any CPU
		{A1F56E87-0C4B-4A0E-AA33-C5CD442DB0D0}.Debug|Any CPU.ActiveCfg = Debug|Any CPU
		{A1F56E87-0C4B-4A0E-AA33-C5CD442DB0D0}.Debug|Any CPU.Build.0 = Debug|Any CPU
		{A1F56E87-0C4B-4A0E-AA33-C5CD442DB0D0}.Release|Any CPU.ActiveCfg = Release|Any CPU
		{A1F56E87-0C4B-4A0E-AA33-C5CD442DB0D0}.Release|Any CPU.Build.0 = Release|Any CPU
	EndGlobalSection
	GlobalSection(SolutionProperties) = preSolution
		HideSolutionNode = FALSE
	EndGlobalSection
EndGlobal
